
Microsoft Visual Studio Solution File, Format Version 12.00
Project("{FAE04EC0-301F-11D3-BF4B-00C04F79EFBC}") = "FormApplication", "FormApplication\FormApplication.csproj", "{9F42DD52-3B71-4412-8CEF-27C9A7D60637}"
EndProject
Project("{FAE04EC0-301F-11D3-BF4B-00C04F79EFBC}") = "DataAccess", "DataAccess\DataAccess.csproj", "{C9B22792-B413-4147-9220-F3D59FF31714}"
EndProject
Project("{FAE04EC0-301F-11D3-BF4B-00C04F79EFBC}") = "Service", "Service\Service.csproj", "{FC138F51-74A1-4CC9-B655-18B4D5D62ABF}"
EndProject
Project("{FAE04EC0-301F-11D3-BF4B-00C04F79EFBC}") = "Entities", "Entities\Entities.csproj", "{F73D4F22-0A38-407A-9226-4E7CE11DD0BA}"
EndProject
Project("{FAE04EC0-301F-11D3-BF4B-00C04F79EFBC}") = "WebAPI", "WebAPI\WebAPI.csproj", "{5DE31CEC-A7E5-4AF7-AAFB-CAEDBC668ADD}"
EndProject
Global
	GlobalSection(SolutionConfigurationPlatforms) = preSolution
		Debug|Any CPU = Debug|Any CPU
		Release|Any CPU = Release|Any CPU
	EndGlobalSection
	GlobalSection(ProjectConfigurationPlatforms) = postSolution
		{9F42DD52-3B71-4412-8CEF-27C9A7D60637}.Debug|Any CPU.ActiveCfg = Debug|Any CPU
		{9F42DD52-3B71-4412-8CEF-27C9A7D60637}.Debug|Any CPU.Build.0 = Debug|Any CPU
		{9F42DD52-3B71-4412-8CEF-27C9A7D60637}.Release|Any CPU.ActiveCfg = Release|Any CPU
		{9F42DD52-3B71-4412-8CEF-27C9A7D60637}.Release|Any CPU.Build.0 = Release|Any CPU
		{C9B22792-B413-4147-9220-F3D59FF31714}.Debug|Any CPU.ActiveCfg = Debug|Any CPU
		{C9B22792-B413-4147-9220-F3D59FF31714}.Debug|Any CPU.Build.0 = Debug|Any CPU
		{C9B22792-B413-4147-9220-F3D59FF31714}.Release|Any CPU.ActiveCfg = Release|Any CPU
		{C9B22792-B413-4147-9220-F3D59FF31714}.Release|Any CPU.Build.0 = Release|Any CPU
		{FC138F51-74A1-4CC9-B655-18B4D5D62ABF}.Debug|Any CPU.ActiveCfg = Debug|Any CPU
		{FC138F51-74A1-4CC9-B655-18B4D5D62ABF}.Debug|Any CPU.Build.0 = Debug|Any CPU
		{FC138F51-74A1-4CC9-B655-18B4D5D62ABF}.Release|Any CPU.ActiveCfg = Release|Any CPU
		{FC138F51-74A1-4CC9-B655-18B4D5D62ABF}.Release|Any CPU.Build.0 = Release|Any CPU
		{F73D4F22-0A38-407A-9226-4E7CE11DD0BA}.Debug|Any CPU.ActiveCfg = Debug|Any CPU
		{F73D4F22-0A38-407A-9226-4E7CE11DD0BA}.Debug|Any CPU.Build.0 = Debug|Any CPU
		{F73D4F22-0A38-407A-9226-4E7CE11DD0BA}.Release|Any CPU.ActiveCfg = Release|Any CPU
		{F73D4F22-0A38-407A-9226-4E7CE11DD0BA}.Release|Any CPU.Build.0 = Release|Any CPU
		{5DE31CEC-A7E5-4AF7-AAFB-CAEDBC668ADD}.Debug|Any CPU.ActiveCfg = Debug|Any CPU
		{5DE31CEC-A7E5-4AF7-AAFB-CAEDBC668ADD}.Debug|Any CPU.Build.0 = Debug|Any CPU
		{5DE31CEC-A7E5-4AF7-AAFB-CAEDBC668ADD}.Release|Any CPU.ActiveCfg = Release|Any CPU
		{5DE31CEC-A7E5-4AF7-AAFB-CAEDBC668ADD}.Release|Any CPU.Build.0 = Release|Any CPU
	EndGlobalSection
EndGlobal
